{
  "lockfileVersion": 1,
  "workspaces": {
    "": {
      "name": "chat-app",
      "dependencies": {
        "caniuse-lite": "^1.0.30001747",
      },
    },
  },
  "packages": {
    "caniuse-lite": ["caniuse-lite@1.0.30001747", "", {}, "sha512-mzFa2DGIhuc5490Nd/G31xN1pnBnYMadtkyTjefPI7wzypqgCEpeWu9bJr0OnDsyKrW75zA9ZAt7pbQFmwLsQg=="],
  }
}
